
Microsoft Visual Studio Solution File, Format Version 12.00
Project("{FAE04EC0-301F-11D3-BF4B-00C04F79EFBC}") = "CarGuesser.Web", "CarGuesser.Web\CarGuesser.Web.csproj", "{055E5CC5-A756-4CF2-BDE1-5F736B81C3F9}"
EndProject
Global
	GlobalSection(SolutionConfigurationPlatforms) = preSolution
		Debug|Any CPU = Debug|Any CPU
		Release|Any CPU = Release|Any CPU
	EndGlobalSection
	GlobalSection(ProjectConfigurationPlatforms) = postSolution
		{055E5CC5-A756-4CF2-BDE1-5F736B81C3F9}.Debug|Any CPU.ActiveCfg = Debug|Any CPU
		{055E5CC5-A756-4CF2-BDE1-5F736B81C3F9}.Debug|Any CPU.Build.0 = Debug|Any CPU
		{055E5CC5-A756-4CF2-BDE1-5F736B81C3F9}.Release|Any CPU.ActiveCfg = Release|Any CPU
		{055E5CC5-A756-4CF2-BDE1-5F736B81C3F9}.Release|Any CPU.Build.0 = Release|Any CPU
	EndGlobalSection
EndGlobal
